
Microsoft Visual Studio Solution File, Format Version 12.00
# Visual Studio Version 17
VisualStudioVersion = 17.9.34902.65
MinimumVisualStudioVersion = 10.0.40219.1
Project("{FAE04EC0-301F-11D3-BF4B-00C04F79EFBC}") = "Nucleo3Test", "Nucleo3Test\Nucleo3Test.csproj", "{141031A9-9E79-426D-A034-047116148F11}"
EndProject
Global
	GlobalSection(SolutionConfigurationPlatforms) = preSolution
		Debug|Any CPU = Debug|Any CPU
		Release|Any CPU = Release|Any CPU
	EndGlobalSection
	GlobalSection(ProjectConfigurationPlatforms) = postSolution
		{141031A9-9E79-426D-A034-047116148F11}.Debug|Any CPU.ActiveCfg = Debug|Any CPU
		{141031A9-9E79-426D-A034-047116148F11}.Debug|Any CPU.Build.0 = Debug|Any CPU
		{141031A9-9E79-426D-A034-047116148F11}.Release|Any CPU.ActiveCfg = Release|Any CPU
		{141031A9-9E79-426D-A034-047116148F11}.Release|Any CPU.Build.0 = Release|Any CPU
	EndGlobalSection
	GlobalSection(SolutionProperties) = preSolution
		HideSolutionNode = FALSE
	EndGlobalSection
	GlobalSection(ExtensibilityGlobals) = postSolution
		SolutionGuid = {AD746234-DD9E-4E56-AC27-DE4ECF99C0C6}
	EndGlobalSection
EndGlobal
